
Microsoft Visual Studio Solution File, Format Version 12.00
# Visual Studio Version 17
VisualStudioVersion = 17.3.32819.101
MinimumVisualStudioVersion = 10.0.40219.1
Project("{9A19103F-16F7-4668-BE54-9A1E7A4F7556}") = "MySimpleFunction", "src\MySimpleFunction\MySimpleFunction.csproj", "{88A15DFC-69B8-4F20-B87F-58679356519B}"
EndProject
Global
	GlobalSection(SolutionConfigurationPlatforms) = preSolution
		Debug|Any CPU = Debug|Any CPU
		Release|Any CPU = Release|Any CPU
	EndGlobalSection
	GlobalSection(ProjectConfigurationPlatforms) = postSolution
		{88A15DFC-69B8-4F20-B87F-58679356519B}.Debug|Any CPU.ActiveCfg = Debug|Any CPU
		{88A15DFC-69B8-4F20-B87F-58679356519B}.Debug|Any CPU.Build.0 = Debug|Any CPU
		{88A15DFC-69B8-4F20-B87F-58679356519B}.Release|Any CPU.ActiveCfg = Release|Any CPU
		{88A15DFC-69B8-4F20-B87F-58679356519B}.Release|Any CPU.Build.0 = Release|Any CPU
	EndGlobalSection
	GlobalSection(SolutionProperties) = preSolution
		HideSolutionNode = FALSE
	EndGlobalSection
	GlobalSection(ExtensibilityGlobals) = postSolution
		SolutionGuid = {4E831C74-9176-4C48-AE84-7345EF61B7A7}
	EndGlobalSection
EndGlobal
